
Microsoft Visual Studio Solution File, Format Version 12.00
# Visual Studio 15
VisualStudioVersion = 15.0.27703.2026
MinimumVisualStudioVersion = 10.0.40219.1
Project("{D2ABAB84-BF74-430A-B69E-9DC6D40DDA17}") = "TestCubeForGit", "TestCubeForGit\TestCubeForGit.dwproj", "{3B3F4D8A-C86E-4095-8DF4-4DB79EC6FF6C}"
EndProject
Global
	GlobalSection(SolutionConfigurationPlatforms) = preSolution
		Development|Default = Development|Default
	EndGlobalSection
	GlobalSection(ProjectConfigurationPlatforms) = postSolution
		{3B3F4D8A-C86E-4095-8DF4-4DB79EC6FF6C}.Development|Default.ActiveCfg = Development
		{3B3F4D8A-C86E-4095-8DF4-4DB79EC6FF6C}.Development|Default.Build.0 = Development
		{3B3F4D8A-C86E-4095-8DF4-4DB79EC6FF6C}.Development|Default.Deploy.0 = Development
	EndGlobalSection
	GlobalSection(SolutionProperties) = preSolution
		HideSolutionNode = FALSE
	EndGlobalSection
	GlobalSection(ExtensibilityGlobals) = postSolution
		SolutionGuid = {59AE39A6-AA24-4A71-98DD-9E117984C1EC}
	EndGlobalSection
EndGlobal
